
Microsoft Visual Studio Solution File, Format Version 12.00
# Visual Studio 15
VisualStudioVersion = 15.0.28307.539
MinimumVisualStudioVersion = 10.0.40219.1
Project("{9A19103F-16F7-4668-BE54-9A1E7A4F7556}") = "Enigma.Presentation.API", "Presentation\Enigma.Presentation.API\Enigma.Presentation.API.csproj", "{438B09BB-F3AA-4AFF-A56E-85ECF48BEAFA}"
EndProject
Project("{2150E333-8FDC-42A3-9474-1A3956D46DE8}") = "Presentation", "Presentation", "{E5D87088-B404-44D3-A125-7614FD07F9A9}"
EndProject
Project("{2150E333-8FDC-42A3-9474-1A3956D46DE8}") = "Infrastructure", "Infrastructure", "{95B3064E-E39A-48B4-A473-A6887417214A}"
EndProject
Project("{9A19103F-16F7-4668-BE54-9A1E7A4F7556}") = "Enigma.Infrastructure.Common", "Infrastructure\Enigma.Infrastructure.Common\Enigma.Infrastructure.Common.csproj", "{97562A09-CB05-4509-A6A9-8D4D745FFDF7}"
EndProject
Project("{9A19103F-16F7-4668-BE54-9A1E7A4F7556}") = "Enigma.Infrastructure.Configuration", "Infrastructure\Enigma.Infrastructure.Configuration\Enigma.Infrastructure.Configuration.csproj", "{8F56C2B4-C16F-4402-8963-A8E7190A0369}"
EndProject
Project("{2150E333-8FDC-42A3-9474-1A3956D46DE8}") = "SharedFiles", "SharedFiles", "{60CF89D6-6910-40C3-BE1F-398D68931863}"
	ProjectSection(SolutionItems) = preProject
		Infrastructure\SharedFiles\appstart.settings.json = Infrastructure\SharedFiles\appstart.settings.json
		Infrastructure\SharedFiles\args.settings.json = Infrastructure\SharedFiles\args.settings.json
		Infrastructure\SharedFiles\connectionstring.settings.json = Infrastructure\SharedFiles\connectionstring.settings.json
		Infrastructure\SharedFiles\enigma-machine-configuration.settings.json = Infrastructure\SharedFiles\enigma-machine-configuration.settings.json
		Infrastructure\SharedFiles\identity.settings.json = Infrastructure\SharedFiles\identity.settings.json
	EndProjectSection
EndProject
Project("{2150E333-8FDC-42A3-9474-1A3956D46DE8}") = "Machine", "Machine", "{91248E80-3CA6-4026-AF3B-797DF144CB03}"
EndProject
Project("{9A19103F-16F7-4668-BE54-9A1E7A4F7556}") = "Enigma.Machine", "Machine\Enigma.Machine\Enigma.Machine.csproj", "{64AE1364-3328-43DB-AC55-8E407AA04B0A}"
EndProject
Project("{9A19103F-16F7-4668-BE54-9A1E7A4F7556}") = "Enigma.Machine.Integration", "Machine\Enigma.Machine.Integration\Enigma.Machine.Integration.csproj", "{0EE45376-F97E-4C2B-87E3-93E1D2097549}"
EndProject
Project("{2150E333-8FDC-42A3-9474-1A3956D46DE8}") = "BusinessLogic", "BusinessLogic", "{59D97058-22A7-498B-9205-F5B28A4926C5}"
EndProject
Project("{9A19103F-16F7-4668-BE54-9A1E7A4F7556}") = "Enigma.BusinessLogic", "BusinessLogic\Enigma.BusinessLogic\Enigma.BusinessLogic.csproj", "{A48083E0-B1D0-4CB5-B3E4-47A0FC936837}"
EndProject
Project("{9A19103F-16F7-4668-BE54-9A1E7A4F7556}") = "Enigma.BusinessLogic.Ports", "BusinessLogic\Enigma.BusinessLogic.Ports\Enigma.BusinessLogic.Ports.csproj", "{7C7C287F-32D1-4727-85FF-19623D33965A}"
EndProject
Project("{2150E333-8FDC-42A3-9474-1A3956D46DE8}") = "Domain", "Domain", "{87725CA3-E77B-47D5-82E7-2ABF21B2DFBE}"
EndProject
Project("{9A19103F-16F7-4668-BE54-9A1E7A4F7556}") = "Enigma.Domain.Model", "Domain\Enigma.Domain.Model\Enigma.Domain.Model.csproj", "{40F09358-2FCF-4FC9-9606-65D8ACC58DB7}"
EndProject
Project("{9A19103F-16F7-4668-BE54-9A1E7A4F7556}") = "Enigma.BusinessLogic.Identity", "BusinessLogic\Enigma.BusinessLogic.Identity\Enigma.BusinessLogic.Identity.csproj", "{DC848DA5-319D-4226-A7DA-7CD19FC7A5E5}"
EndProject
Project("{9A19103F-16F7-4668-BE54-9A1E7A4F7556}") = "Enigma.Domain.Migrations", "Domain\Enigma.Domain.Migrations\Enigma.Domain.Migrations.csproj", "{3FC11CF8-39D2-4CF7-9458-4C4DD2E83B47}"
EndProject
Project("{FAE04EC0-301F-11D3-BF4B-00C04F79EFBC}") = "Enigma.Presentation.Models", "Presentation\Enigma.Presentation.Models\Enigma.Presentation.Models.csproj", "{7D91EE3C-BCDF-4406-96AA-27BBE494B405}"
EndProject
Project("{FAE04EC0-301F-11D3-BF4B-00C04F79EFBC}") = "Enigma.BusinessLogic.Models", "BusinessLogic\Enigma.BusinessLogic.Models\Enigma.BusinessLogic.Models.csproj", "{AC7E7093-A4E7-4CEB-9992-E15EF7FD748B}"
EndProject
Project("{FAE04EC0-301F-11D3-BF4B-00C04F79EFBC}") = "Enigma.Presentation.Adapters", "Presentation\Enigma.Presentation.Adapters\Enigma.Presentation.Adapters.csproj", "{5DC86D86-117B-4741-A3A2-84FFBCF233A7}"
EndProject
Project("{FAE04EC0-301F-11D3-BF4B-00C04F79EFBC}") = "Enigma.Infrastructure.Exceptions", "Infrastructure\Enigma.Infrastructure.Exceptions\Enigma.Infrastructure.Exceptions.csproj", "{2C192123-2BCD-4251-8DB3-2AC3D07D00FF}"
EndProject
Global
	GlobalSection(SolutionConfigurationPlatforms) = preSolution
		Debug|Any CPU = Debug|Any CPU
		Release|Any CPU = Release|Any CPU
	EndGlobalSection
	GlobalSection(ProjectConfigurationPlatforms) = postSolution
		{438B09BB-F3AA-4AFF-A56E-85ECF48BEAFA}.Debug|Any CPU.ActiveCfg = Debug|Any CPU
		{438B09BB-F3AA-4AFF-A56E-85ECF48BEAFA}.Debug|Any CPU.Build.0 = Debug|Any CPU
		{438B09BB-F3AA-4AFF-A56E-85ECF48BEAFA}.Release|Any CPU.ActiveCfg = Release|Any CPU
		{438B09BB-F3AA-4AFF-A56E-85ECF48BEAFA}.Release|Any CPU.Build.0 = Release|Any CPU
		{97562A09-CB05-4509-A6A9-8D4D745FFDF7}.Debug|Any CPU.ActiveCfg = Debug|Any CPU
		{97562A09-CB05-4509-A6A9-8D4D745FFDF7}.Debug|Any CPU.Build.0 = Debug|Any CPU
		{97562A09-CB05-4509-A6A9-8D4D745FFDF7}.Release|Any CPU.ActiveCfg = Release|Any CPU
		{97562A09-CB05-4509-A6A9-8D4D745FFDF7}.Release|Any CPU.Build.0 = Release|Any CPU
		{8F56C2B4-C16F-4402-8963-A8E7190A0369}.Debug|Any CPU.ActiveCfg = Debug|Any CPU
		{8F56C2B4-C16F-4402-8963-A8E7190A0369}.Debug|Any CPU.Build.0 = Debug|Any CPU
		{8F56C2B4-C16F-4402-8963-A8E7190A0369}.Release|Any CPU.ActiveCfg = Release|Any CPU
		{8F56C2B4-C16F-4402-8963-A8E7190A0369}.Release|Any CPU.Build.0 = Release|Any CPU
		{64AE1364-3328-43DB-AC55-8E407AA04B0A}.Debug|Any CPU.ActiveCfg = Debug|Any CPU
		{64AE1364-3328-43DB-AC55-8E407AA04B0A}.Debug|Any CPU.Build.0 = Debug|Any CPU
		{64AE1364-3328-43DB-AC55-8E407AA04B0A}.Release|Any CPU.ActiveCfg = Release|Any CPU
		{64AE1364-3328-43DB-AC55-8E407AA04B0A}.Release|Any CPU.Build.0 = Release|Any CPU
		{0EE45376-F97E-4C2B-87E3-93E1D2097549}.Debug|Any CPU.ActiveCfg = Debug|Any CPU
		{0EE45376-F97E-4C2B-87E3-93E1D2097549}.Debug|Any CPU.Build.0 = Debug|Any CPU
		{0EE45376-F97E-4C2B-87E3-93E1D2097549}.Release|Any CPU.ActiveCfg = Release|Any CPU
		{0EE45376-F97E-4C2B-87E3-93E1D2097549}.Release|Any CPU.Build.0 = Release|Any CPU
		{A48083E0-B1D0-4CB5-B3E4-47A0FC936837}.Debug|Any CPU.ActiveCfg = Debug|Any CPU
		{A48083E0-B1D0-4CB5-B3E4-47A0FC936837}.Debug|Any CPU.Build.0 = Debug|Any CPU
		{A48083E0-B1D0-4CB5-B3E4-47A0FC936837}.Release|Any CPU.ActiveCfg = Release|Any CPU
		{A48083E0-B1D0-4CB5-B3E4-47A0FC936837}.Release|Any CPU.Build.0 = Release|Any CPU
		{7C7C287F-32D1-4727-85FF-19623D33965A}.Debug|Any CPU.ActiveCfg = Debug|Any CPU
		{7C7C287F-32D1-4727-85FF-19623D33965A}.Debug|Any CPU.Build.0 = Debug|Any CPU
		{7C7C287F-32D1-4727-85FF-19623D33965A}.Release|Any CPU.ActiveCfg = Release|Any CPU
		{7C7C287F-32D1-4727-85FF-19623D33965A}.Release|Any CPU.Build.0 = Release|Any CPU
		{40F09358-2FCF-4FC9-9606-65D8ACC58DB7}.Debug|Any CPU.ActiveCfg = Debug|Any CPU
		{40F09358-2FCF-4FC9-9606-65D8ACC58DB7}.Debug|Any CPU.Build.0 = Debug|Any CPU
		{40F09358-2FCF-4FC9-9606-65D8ACC58DB7}.Release|Any CPU.ActiveCfg = Release|Any CPU
		{40F09358-2FCF-4FC9-9606-65D8ACC58DB7}.Release|Any CPU.Build.0 = Release|Any CPU
		{DC848DA5-319D-4226-A7DA-7CD19FC7A5E5}.Debug|Any CPU.ActiveCfg = Debug|Any CPU
		{DC848DA5-319D-4226-A7DA-7CD19FC7A5E5}.Debug|Any CPU.Build.0 = Debug|Any CPU
		{DC848DA5-319D-4226-A7DA-7CD19FC7A5E5}.Release|Any CPU.ActiveCfg = Release|Any CPU
		{DC848DA5-319D-4226-A7DA-7CD19FC7A5E5}.Release|Any CPU.Build.0 = Release|Any CPU
		{3FC11CF8-39D2-4CF7-9458-4C4DD2E83B47}.Debug|Any CPU.ActiveCfg = Debug|Any CPU
		{3FC11CF8-39D2-4CF7-9458-4C4DD2E83B47}.Debug|Any CPU.Build.0 = Debug|Any CPU
		{3FC11CF8-39D2-4CF7-9458-4C4DD2E83B47}.Release|Any CPU.ActiveCfg = Release|Any CPU
		{3FC11CF8-39D2-4CF7-9458-4C4DD2E83B47}.Release|Any CPU.Build.0 = Release|Any CPU
		{7D91EE3C-BCDF-4406-96AA-27BBE494B405}.Debug|Any CPU.ActiveCfg = Debug|Any CPU
		{7D91EE3C-BCDF-4406-96AA-27BBE494B405}.Debug|Any CPU.Build.0 = Debug|Any CPU
		{7D91EE3C-BCDF-4406-96AA-27BBE494B405}.Release|Any CPU.ActiveCfg = Release|Any CPU
		{7D91EE3C-BCDF-4406-96AA-27BBE494B405}.Release|Any CPU.Build.0 = Release|Any CPU
		{AC7E7093-A4E7-4CEB-9992-E15EF7FD748B}.Debug|Any CPU.ActiveCfg = Debug|Any CPU
		{AC7E7093-A4E7-4CEB-9992-E15EF7FD748B}.Debug|Any CPU.Build.0 = Debug|Any CPU
		{AC7E7093-A4E7-4CEB-9992-E15EF7FD748B}.Release|Any CPU.ActiveCfg = Release|Any CPU
		{AC7E7093-A4E7-4CEB-9992-E15EF7FD748B}.Release|Any CPU.Build.0 = Release|Any CPU
		{5DC86D86-117B-4741-A3A2-84FFBCF233A7}.Debug|Any CPU.ActiveCfg = Debug|Any CPU
		{5DC86D86-117B-4741-A3A2-84FFBCF233A7}.Debug|Any CPU.Build.0 = Debug|Any CPU
		{5DC86D86-117B-4741-A3A2-84FFBCF233A7}.Release|Any CPU.ActiveCfg = Release|Any CPU
		{5DC86D86-117B-4741-A3A2-84FFBCF233A7}.Release|Any CPU.Build.0 = Release|Any CPU
		{2C192123-2BCD-4251-8DB3-2AC3D07D00FF}.Debug|Any CPU.ActiveCfg = Debug|Any CPU
		{2C192123-2BCD-4251-8DB3-2AC3D07D00FF}.Debug|Any CPU.Build.0 = Debug|Any CPU
		{2C192123-2BCD-4251-8DB3-2AC3D07D00FF}.Release|Any CPU.ActiveCfg = Release|Any CPU
		{2C192123-2BCD-4251-8DB3-2AC3D07D00FF}.Release|Any CPU.Build.0 = Release|Any CPU
	EndGlobalSection
	GlobalSection(SolutionProperties) = preSolution
		HideSolutionNode = FALSE
	EndGlobalSection
	GlobalSection(NestedProjects) = preSolution
		{438B09BB-F3AA-4AFF-A56E-85ECF48BEAFA} = {E5D87088-B404-44D3-A125-7614FD07F9A9}
		{97562A09-CB05-4509-A6A9-8D4D745FFDF7} = {95B3064E-E39A-48B4-A473-A6887417214A}
		{8F56C2B4-C16F-4402-8963-A8E7190A0369} = {95B3064E-E39A-48B4-A473-A6887417214A}
		{60CF89D6-6910-40C3-BE1F-398D68931863} = {95B3064E-E39A-48B4-A473-A6887417214A}
		{64AE1364-3328-43DB-AC55-8E407AA04B0A} = {91248E80-3CA6-4026-AF3B-797DF144CB03}
		{0EE45376-F97E-4C2B-87E3-93E1D2097549} = {91248E80-3CA6-4026-AF3B-797DF144CB03}
		{A48083E0-B1D0-4CB5-B3E4-47A0FC936837} = {59D97058-22A7-498B-9205-F5B28A4926C5}
		{7C7C287F-32D1-4727-85FF-19623D33965A} = {59D97058-22A7-498B-9205-F5B28A4926C5}
		{40F09358-2FCF-4FC9-9606-65D8ACC58DB7} = {87725CA3-E77B-47D5-82E7-2ABF21B2DFBE}
		{DC848DA5-319D-4226-A7DA-7CD19FC7A5E5} = {59D97058-22A7-498B-9205-F5B28A4926C5}
		{3FC11CF8-39D2-4CF7-9458-4C4DD2E83B47} = {87725CA3-E77B-47D5-82E7-2ABF21B2DFBE}
		{7D91EE3C-BCDF-4406-96AA-27BBE494B405} = {E5D87088-B404-44D3-A125-7614FD07F9A9}
		{AC7E7093-A4E7-4CEB-9992-E15EF7FD748B} = {59D97058-22A7-498B-9205-F5B28A4926C5}
		{5DC86D86-117B-4741-A3A2-84FFBCF233A7} = {E5D87088-B404-44D3-A125-7614FD07F9A9}
		{2C192123-2BCD-4251-8DB3-2AC3D07D00FF} = {95B3064E-E39A-48B4-A473-A6887417214A}
	EndGlobalSection
	GlobalSection(ExtensibilityGlobals) = postSolution
		SolutionGuid = {67205F16-3DFE-42C3-9BD7-71F390D5BB28}
	EndGlobalSection
EndGlobal
